
Microsoft Visual Studio Solution File, Format Version 11.00
# Visual Studio 2010
Project("{FAE04EC0-301F-11D3-BF4B-00C04F79EFBC}") = "Assembly-CSharp", "Assembly-CSharp.csproj", "{be669f49-6087-f51f-ae37-19d2adfbe5cb}"
EndProject
Global
	GlobalSection(SolutionConfigurationPlatforms) = preSolution
		Debug|Any CPU = Debug|Any CPU
		Release|Any CPU = Release|Any CPU
	EndGlobalSection
	GlobalSection(ProjectConfigurationPlatforms) = postSolution
		{be669f49-6087-f51f-ae37-19d2adfbe5cb}.Debug|Any CPU.ActiveCfg = Debug|Any CPU
		{be669f49-6087-f51f-ae37-19d2adfbe5cb}.Debug|Any CPU.Build.0 = Debug|Any CPU
		{be669f49-6087-f51f-ae37-19d2adfbe5cb}.Release|Any CPU.ActiveCfg = Release|Any CPU
		{be669f49-6087-f51f-ae37-19d2adfbe5cb}.Release|Any CPU.Build.0 = Release|Any CPU
	EndGlobalSection
	GlobalSection(SolutionProperties) = preSolution
		HideSolutionNode = FALSE
	EndGlobalSection
EndGlobal
